github.com/AlecAivazis/survey/v2 v2.3.7 h1:6I/u8FvytdGsgonrYsVn2t8t4QiRnh6QSTqkkhIiSjQ=
github.com/AlecAivazis/survey/v2 v2.3.7/go.mod h1:xUTIdE4KCOIjsBAE1JYsUPoCqYdZ1reCfTwbto0Fduo=
github.com/Netflix/go-expect v0.0.0-20220104043353-73e0943537d2 h1:+vx7roKuyA63nhn5WAunQHLTznkw5W8b1Xc0dNjp83s=
github.com/Netflix/go-expect v0.0.0-20220104043353-73e0943537d2/go.mod h1:HBCaDeC1lPdgDeDbhX8XFpy1jqjK0IBG8W5K+xYqA0w=
github.com/barweiss/go-tuple v1.1.2 h1:ul9tIW0LZ5w+Vk/Hi3X9z3JyqkD0yaVGZp+nNTLW2YE=
github.com/barweiss/go-tuple v1.1.2/go.mod h1:SpoVilkI7ycNrIkQxcQfS1JG5A+R40sWwEUlPONlp3k=
github.com/creack/pty v1.1.17 h1:QeVUsEDNrLBW4tMgZHvxy18sKtr6VI492kBhUfhDJNI=
github.com/creack/pty v1.1.17/go.mod h1:MOBLtS5ELjhRRrroQr9kyvTxUAFNvYEK993ew/Vr4O4=
github.com/davecgh/go-spew v1.1.0/go.mod h1:J7Y8YcW2NihsgmVo/mv3lAwl/skON4iLHjSsI+c5H38=
github.com/davecgh/go-spew v1.1.1/go.mod h1:J7Y8YcW2NihsgmVo/mv3lAwl/skON4iLHjSsI+c5H38=
github.com/davecgh/go-spew v1.1.2-0.20180830191138-d8f796af33cc h1:U9qPSI2PIWSS1VwoXQT9A3Wy9MM3WgvqSxFWenqJduM=
github.com/davecgh/go-spew v1.1.2-0.20180830191138-d8f796af33cc/go.mod h1:J7Y8YcW2NihsgmVo/mv3lAwl/skON4iLHjSsI+c5H38=
github.com/google/go-cmp v0.7.0 h1:wk8382ETsv4JYUZwIsn6YpYiWiBsYLSJiTsyBybVuN8=
github.com/google/go-cmp v0.7.0/go.mod h1:pXiqmnSA92OHEEa9HXL2W4E7lf9JzCmGVUdgjX3N/iU=
github.com/hinshun/vt10x v0.0.0-20220119200601-820417d04eec h1:qv2VnGeEQHchGaZ/u7lxST/RaJw+cv273q79D81Xbog=
github.com/hinshun/vt10x v0.0.0-20220119200601-820417d04eec/go.mod h1:Q48J4R4DvxnHolD5P8pOtXigYlRuPLGl6moFx3ulM68=
github.com/kballard/go-shellquote v0.0.0-20180428030007-95032a82bc51 h1:Z9n2FFNUXsshfwJMBgNA0RU6/i7WVaAegv3PtuIHPMs=
github.com/kballard/go-shellquote v0.0.0-20180428030007-95032a82bc51/go.mod h1:CzGEWj7cYgsdH8dAjBGEr58BoE7ScuLd+fwFZ44+/x8=
github.com/kr/pretty v0.3.1 h1:flRD4NNwYAUpkphVc1HcthR4KEIFJ65n8Mw5qdRn3LE=
github.com/kr/pretty v0.3.1/go.mod h1:hoEshYVHaxMs3cyo3Yncou5ZscifuDolrwPKZanG3xk=
github.com/kr/text v0.2.0 h1:5Nx0Ya0ZqY2ygV366QzturHI13Jq95ApcVaJBhpS+AY=
github.com/kr/text v0.2.0/go.mod h1:eLer722TekiGuMkidMxC/pM04lWEeraHUUmBw8l2grE=
github.com/mattn/go-colorable v0.1.2/go.mod h1:U0ppj6V5qS13XJ6of8GYAs25YV2eR4EVcfRqFIhoBtE=
github.com/mattn/go-colorable v0.1.14 h1:9A9LHSqF/7dyVVX6g0U9cwm9pG3kP9gSzcuIPHPsaIE=
github.com/mattn/go-colorable v0.1.14/go.mod h1:6LmQG8QLFO4G5z1gPvYEzlUgJ2wF+stgPZH1UqBm1s8=
github.com/mattn/go-isatty v0.0.8/go.mod h1:Iq45c/XA43vh69/j3iqttzPXn0bhXyGjM0Hdxcsrc5s=
github.com/mattn/go-isatty v0.0.20 h1:xfD0iDuEKnDkl03q4limB+vH+GxLEtL/jb4xVJSWWEY=
github.com/mattn/go-isatty v0.0.20/go.mod h1:W+V8PltTTMOvKvAeJH7IuucS94S2C6jfK/D7dTCTo3Y=
github.com/mgutz/ansi v0.0.0-20170206155736-9520e82c474b/go.mod h1:01TrycV0kFyexm33Z7vhZRXopbI8J3TDReVlkTgMUxE=
github.com/mgutz/ansi v0.0.0-20200706080929-d51e80ef957d h1:5PJl274Y63IEHC+7izoQE9x6ikvDFZS2mDVS3drnohI=
github.com/mgutz/ansi v0.0.0-20200706080929-d51e80ef957d/go.mod h1:01TrycV0kFyexm33Z7vhZRXopbI8J3TDReVlkTgMUxE=
github.com/orzkratos/astkratos v0.0.2 h1:F9WxEk+1Kdrod9R2Sp097k5e8HvY44mWR0ejPY8HjUU=
github.com/orzkratos/astkratos v0.0.2/go.mod h1:SUf9ODvbq3n6A11z6A5aLQwFgW3d08dIjIT2V2cExUc=
github.com/pkg/errors v0.9.1 h1:FEBLx1zS214owpjy7qsBeixbURkuhQAwrK5UwLGTwt4=
github.com/pkg/errors v0.9.1/go.mod h1:bwawxfHBFNV+L2hUp1rHADufV3IMtnDRdf1r5NINEl0=
github.com/pmezard/go-difflib v1.0.0/go.mod h1:iKH77koFhYxTK1pcRnkKkqfTogsbg7gZNVY4sRDYZ/4=
github.com/pmezard/go-difflib v1.0.1-0.20181226105442-5d4384ee4fb2 h1:Jamvg5psRIccs7FGNTlIRMkT8wgtp5eCXdBlqhYGL6U=
github.com/pmezard/go-difflib v1.0.1-0.20181226105442-5d4384ee4fb2/go.mod h1:iKH77koFhYxTK1pcRnkKkqfTogsbg7gZNVY4sRDYZ/4=
github.com/rogpeppe/go-internal v1.13.1 h1:KvO1DLK/DRN07sQ1LQKScxyZJuNnedQ5/wKSR38lUII=
github.com/rogpeppe/go-internal v1.13.1/go.mod h1:uMEvuHeurkdAXX61udpOXGD/AzZDWNMNyH2VO9fmH0o=
github.com/stretchr/objx v0.1.0/go.mod h1:HFkY916IF+rwdDfMAkV7OtwuqBVzrE8GR6GFx+wExME=
github.com/stretchr/testify v1.6.1/go.mod h1:6Fq8oRcR53rry900zMqJjRRixrwX3KX962/h/Wwjteg=
github.com/stretchr/testify v1.10.0 h1:Xv5erBjTwe/5IxqUQTdXv5kgmIvbHo3QQyRwhJsOfJA=
github.com/stretchr/testify v1.10.0/go.mod h1:r2ic/lqez/lEtzL7wO/rwa5dbSLXVDPFyf8C91i36aY=
github.com/yuin/goldmark v1.4.13/go.mod h1:6yULJ656Px+3vBD8DxQVa3kxgyrAnzto9xy5taEt/CY=
github.com/yyle88/done v1.0.22 h1:iKiNY/yrSfdlsvX1bLXAZI18/p0I9KIzy/IMr3EP8zc=
github.com/yyle88/done v1.0.22/go.mod h1:DaeF2NaYbUnvJKaNOAEQwT7PhVJbd8TNcT85ajIp1eU=
github.com/yyle88/erero v1.0.18 h1:xwg3s5H/chrFQ8WSPB733A2ZTnbS2SQc1zaFA8XnKug=
github.com/yyle88/erero v1.0.18/go.mod h1:jm6rQ1TNxrgfE6VJh9Cub8RCM9dJMXVLNRBAbxJmiwY=
github.com/yyle88/eroticgo v0.0.3 h1:UMX4b1rFpu0GZQRhTmRLEbVuDBCle0BYt+kDGgxGc1s=
github.com/yyle88/eroticgo v0.0.3/go.mod h1:e748J+JnGHnPrHVExVb14VzmYjaJelyhnAzzi5JF/GQ=
github.com/yyle88/formatgo v1.0.22 h1:ug5y3JigVwZ1kgTtyuNey7RRHrGlMIEJP4gkXJmgvtQ=
github.com/yyle88/formatgo v1.0.22/go.mod h1:XXql3lly9YIODohSpFKs/Yy8phxATS/NujXMoBxKs9I=
github.com/yyle88/must v0.0.16 h1:0F6KDaMU5BCsH89U9mzLoVaeqXF7Zu3W0jeVj6C9LXI=
github.com/yyle88/must v0.0.16/go.mod h1:eh05Aksb3JGi2tzb6OBgoY37icxT0OHmBQEM1dvMaVQ=
github.com/yyle88/mutexmap v1.0.10 h1:PIsx9KTdK6h1yH5NzBrPl21RrZ/XsE4IbgulMlhJzZE=
github.com/yyle88/mutexmap v1.0.10/go.mod h1:QUYDuARLPlGj414kHewQ5tt8jkDxQXoai8H3C4Gg+yc=
github.com/yyle88/neatjson v0.0.11 h1:sk/FDtWFHZgtiL1ywO1HkF1z4quPLGthoVemOap2bWk=
github.com/yyle88/neatjson v0.0.11/go.mod h1:jI2c/BBd6xQeK4yxCFHmDsxC8G1Yi0to/Sfp0Po7Auc=
github.com/yyle88/osexec v0.0.21 h1:8od9/NaFvS/ZigH+aP4ya1JHz9Z+rzaxJWaI4hcCKW0=
github.com/yyle88/osexec v0.0.21/go.mod h1:yDU7xBfOqL5LyFkQvQdwy9bUrpmNUPzw49r6YR4nxlo=
github.com/yyle88/osexistpath v0.0.16 h1:hCWUA6W13bP3TUWVgfTtxkYDEq6riQjKs78ufeRq2Xg=
github.com/yyle88/osexistpath v0.0.16/go.mod h1:6C6ogrtGUalb0DkANfpbv3WhHsLNTHffIUtIfObNIxQ=
github.com/yyle88/printgo v1.0.2 h1:SpRXNh1YGvcIDpi6fJHCD9r2znewaW/rVi2nqu65XOk=
github.com/yyle88/printgo v1.0.2/go.mod h1:M1rjoy58Q+wXBuzTNJJ0pGEwS+fV8lH7FID5qCVzHGY=
github.com/yyle88/rese v0.0.3 h1:zKlzEz9sr6MZxl5sZO4QprgD6WgDe00NOZKEOhe5D9o=
github.com/yyle88/rese v0.0.3/go.mod h1:Z/Ktyy1QNj+sksotAu8iOZZqCyuBjbY7UJU+2ou67z8=
github.com/yyle88/runpath v1.0.23 h1:VEdeaMXfvFY7CuF9Nceuxb6HSNDcmiSSGEf+zT7O900=
github.com/yyle88/runpath v1.0.23/go.mod h1:JRGxn/0Ytg6CvGoE2VrO74oX8Lu4jbOPZDKxr8tzPEg=
github.com/yyle88/sortslice v1.0.7 h1:eb7ObwPO+zaAAayqrGqcMMa3DtgxbSMV1zjYEVN1vg8=
github.com/yyle88/sortslice v1.0.7/go.mod h1:/mlmWz1/w0CCeLSs/FaByXM5SKsVlZ7IJ+3O/PMS5Ws=
github.com/yyle88/sure v0.0.36 h1:Lzgkk7FMzPvdlNxuEDOJ4uUp9B0xfGtLCFs36r4do/c=
github.com/yyle88/sure v0.0.36/go.mod h1:krNSM3sRNIfT7eaD5KxhsmSg6g5b17YBfdGM/JMreUI=
github.com/yyle88/syntaxgo v0.0.45 h1:sLdtNRr1piakFpjkXZfcQ9rGKL0AqanB6j2vO1/XAM0=
github.com/yyle88/syntaxgo v0.0.45/go.mod h1:VkQr83iVX/YMonnX0dLTVCMzS68rqscrAg2574obbl4=
github.com/yyle88/tern v0.0.5 h1:a9HCJrP38VPowB3to54kOia1+Ab/ROoMJx0OXPUq3pY=
github.com/yyle88/tern v0.0.5/go.mod h1:g9weyOMLtXYyt37EAshZPUTTHdH7WFauuxDi4oPr7/8=
github.com/yyle88/zaplog v0.0.20 h1:ByVj51j2C9p5tWw8wbIdmdrMK5IS6VECh/U746t321E=
github.com/yyle88/zaplog v0.0.20/go.mod h1:jN9/2IXYlpHOgoIyOTid1EPlUyGBWzFjr0dX9YKLkC0=
go.uber.org/goleak v1.3.0 h1:2K3zAYmnTNqV73imy9J1T3WC+gmCePx2hEGkimedGto=
go.uber.org/goleak v1.3.0/go.mod h1:CoHD4mav9JJNrW/WLlf7HGZPjdw8EucARQHekz1X6bE=
go.uber.org/multierr v1.11.0 h1:blXXJkSxSSfBVBlC76pxqeO+LN3aDfLQo+309xJstO0=
go.uber.org/multierr v1.11.0/go.mod h1:20+QtiLqy0Nd6FdQB9TLXag12DsQkrbs3htMFfDN80Y=
go.uber.org/zap v1.27.0 h1:aJMhYGrd5QSmlpLMr2MftRKl7t8J8PTZPA732ud/XR8=
go.uber.org/zap v1.27.0/go.mod h1:GB2qFLM7cTU87MWRP2mPIjqfIDnGu+VIO4V/SdhGo2E=
golang.org/x/crypto v0.0.0-20190308221718-c2843e01d9a2/go.mod h1:djNgcEr1/C05ACkg1iLfiJU5Ep61QUkGW8qpdssI0+w=
golang.org/x/crypto v0.0.0-20210921155107-089bfa567519/go.mod h1:GvvjBRRGRdwPK5ydBHafDWAxML/pGHZbMvKqRZ5+Abc=
golang.org/x/exp v0.0.0-20250210185358-939b2ce775ac h1:l5+whBCLH3iH2ZNHYLbAe58bo7yrN4mVcnkHDYz5vvs=
golang.org/x/exp v0.0.0-20250210185358-939b2ce775ac/go.mod h1:hH+7mtFmImwwcMvScyxUhjuVHR3HGaDPMn9rMSUUbxo=
golang.org/x/mod v0.6.0-dev.0.20220419223038-86c51ed26bb4/go.mod h1:jJ57K6gSWd91VN4djpZkiMVwK6gcyfeH4XE8wZrZaV4=
golang.org/x/mod v0.23.0 h1:Zb7khfcRGKk+kqfxFaP5tZqCnDZMjC5VtUBs87Hr6QM=
golang.org/x/mod v0.23.0/go.mod h1:6SkKJ3Xj0I0BrPOZoBy3bdMptDDU9oJrpohJ3eWZ1fY=
golang.org/x/net v0.0.0-20190620200207-3b0461eec859/go.mod h1:z5CRVTTTmAJ677TzLLGU+0bjPO0LkuOLi4/5GtJWs/s=
golang.org/x/net v0.0.0-20210226172049-e18ecbb05110/go.mod h1:m0MpNAwzfU5UDzcl9v0D8zg8gWTRqZa9RBIspLL5mdg=
golang.org/x/net v0.0.0-20220722155237-a158d28d115b/go.mod h1:XRhObCWvk6IyKnWLug+ECip1KBveYUHfp+8e9klMJ9c=
golang.org/x/sync v0.0.0-20190423024810-112230192c58/go.mod h1:RxMgew5VJxzue5/jJTE5uejpjVlOe/izrB70Jof72aM=
golang.org/x/sync v0.0.0-20220722155255-886fb9371eb4/go.mod h1:RxMgew5VJxzue5/jJTE5uejpjVlOe/izrB70Jof72aM=
golang.org/x/sync v0.11.0 h1:GGz8+XQP4FvTTrjZPzNKTMFtSXH80RAzG+5ghFPgK9w=
golang.org/x/sync v0.11.0/go.mod h1:Czt+wKu1gCyEFDUtn0jG5QVvpJ6rzVqr5aXyt9drQfk=
golang.org/x/sys v0.0.0-20190215142949-d0b11bdaac8a/go.mod h1:STP8DvDyc/dI5b8T5hshtkjS+E42TnysNCUPdjciGhY=
golang.org/x/sys v0.0.0-20190222072716-a9d3bda3a223/go.mod h1:STP8DvDyc/dI5b8T5hshtkjS+E42TnysNCUPdjciGhY=
golang.org/x/sys v0.0.0-20201119102817-f84b799fce68/go.mod h1:h1NjWce9XRLGQEsW7wpKNCjG9DtNlClVuFLEZdDNbEs=
golang.org/x/sys v0.0.0-20210615035016-665e8c7367d1/go.mod h1:oPkhp1MJrh7nUepCBck5+mAzfO9JrbApNNgaTdGDITg=
golang.org/x/sys v0.0.0-20220520151302-bc2c85ada10a/go.mod h1:oPkhp1MJrh7nUepCBck5+mAzfO9JrbApNNgaTdGDITg=
golang.org/x/sys v0.0.0-20220722155257-8c9f86f7a55f/go.mod h1:oPkhp1MJrh7nUepCBck5+mAzfO9JrbApNNgaTdGDITg=
golang.org/x/sys v0.6.0/go.mod h1:oPkhp1MJrh7nUepCBck5+mAzfO9JrbApNNgaTdGDITg=
golang.org/x/sys v0.30.0 h1:QjkSwP/36a20jFYWkSue1YwXzLmsV5Gfq7Eiy72C1uc=
golang.org/x/sys v0.30.0/go.mod h1:/VUhepiaJMQUp4+oa/7Zr1D23ma6VTLIYjOOTFZPUcA=
golang.org/x/term v0.0.0-20201126162022-7de9c90e9dd1/go.mod h1:bj7SfCRtBDWHUb9snDiAeCFNEtKQo2Wmx5Cou7ajbmo=
golang.org/x/term v0.0.0-20210927222741-03fcf44c2211/go.mod h1:jbD1KX2456YbFQfuXm/mYQcufACuNUgVhRMnK/tPxf8=
golang.org/x/term v0.29.0 h1:L6pJp37ocefwRRtYPKSWOWzOtWSxVajvz2ldH/xi3iU=
golang.org/x/term v0.29.0/go.mod h1:6bl4lRlvVuDgSf3179VpIxBF0o10JUpXWOnI7nErv7s=
golang.org/x/text v0.3.0/go.mod h1:NqM8EUOU14njkJ3fqMW+pc6Ldnwhi/IjpwHt7yyuwOQ=
golang.org/x/text v0.3.3/go.mod h1:5Zoc/QRtKVWzQhOtBMvqHzDpF6irO9z98xDceosuGiQ=
golang.org/x/text v0.3.7/go.mod h1:u+2+/6zg+i71rQMx5EYifcz6MCKuco9NR6JIITiCfzQ=
golang.org/x/text v0.4.0/go.mod h1:mrYo+phRRbMaCq/xk9113O4dZlRixOauAjOtrjsXDZ8=
golang.org/x/text v0.22.0 h1:bofq7m3/HAFvbF51jz3Q9wLg3jkvSPuiZu/pD1XwgtM=
golang.org/x/text v0.22.0/go.mod h1:YRoo4H8PVmsu+E3Ou7cqLVH8oXWIHVoX0jqUWALQhfY=
golang.org/x/tools v0.0.0-20180917221912-90fa682c2a6e/go.mod h1:n7NCudcB/nEzxVGmLbDWY5pfWTLqBcC2KZ6jyYvM4mQ=
golang.org/x/tools v0.0.0-20191119224855-298f0cb1881e/go.mod h1:b+2E5dAYhXwXZwtnZ6UAqBI28+e2cm9otk0dWdXHAEo=
golang.org/x/tools v0.1.12/go.mod h1:hNGJHUnrk76NpqgfD5Aqm5Crs+Hm0VOH/i9J2+nxYbc=
golang.org/x/tools v0.30.0 h1:BgcpHewrV5AUp2G9MebG4XPFI1E2W41zU1SaqVA9vJY=
golang.org/x/tools v0.30.0/go.mod h1:c347cR/OJfw5TI+GfX7RUPNMdDRRbjvYTS0jPyvsVtY=
golang.org/x/xerrors v0.0.0-20190717185122-a985d3407aa7/go.mod h1:I/5z698sn9Ka8TeJc9MKroUUfqBBauWjQqLJ2OPfmY0=
gopkg.in/check.v1 v0.0.0-20161208181325-20d25e280405/go.mod h1:Co6ibVJAznAaIkqp8huTwlJQCZ016jof/cbN4VW5Yz0=
gopkg.in/natefinch/lumberjack.v2 v2.2.1 h1:bBRl1b0OH9s/DuPhuXpNl+VtCaJXFZ5/uEFST95x9zc=
gopkg.in/natefinch/lumberjack.v2 v2.2.1/go.mod h1:YD8tP3GAjkrDg1eZH7EGmyESg/lsYskCTPBJVb9jqSc=
gopkg.in/yaml.v3 v3.0.0-20200313102051-9f266ea9e77c/go.mod h1:K4uyk7z7BCEPqu6E+C64Yfv1cQ7kz7rIZviUmN+EgEM=
gopkg.in/yaml.v3 v3.0.1 h1:fxVm/GzAzEWqLHuvctI91KS9hhNmmWOoWu0XTYJS7CA=
gopkg.in/yaml.v3 v3.0.1/go.mod h1:K4uyk7z7BCEPqu6E+C64Yfv1cQ7kz7rIZviUmN+EgEM=
